
Microsoft Visual Studio Solution File, Format Version 12.00
# Visual Studio 2013
VisualStudioVersion = 12.0.30501.0
MinimumVisualStudioVersion = 10.0.40219.1
Project("{8BC9CEB8-8B4A-11D0-8D11-00A0C91BC942}") = "chapter1", "Essential_Cplusplus\Essential_Cplusplus.vcxproj", "{09E18438-F212-4C2F-9D26-CD369FE9B696}"
EndProject
Project("{8BC9CEB8-8B4A-11D0-8D11-00A0C91BC942}") = "chapter3", "chapter3\chapter3.vcxproj", "{13DC68BB-340F-4C10-813F-E390ED154D5A}"
EndProject
Project("{8BC9CEB8-8B4A-11D0-8D11-00A0C91BC942}") = "Exercise_Chapter1", "Exercise_Chapter1\Exercise_Chapter1.vcxproj", "{9D7138FB-105F-4FA3-BFA3-738159BA71B0}"
EndProject
Project("{8BC9CEB8-8B4A-11D0-8D11-00A0C91BC942}") = "Exercise_Chapter2", "Exercise_Chapter2\Exercise_Chapter2.vcxproj", "{D5E696D8-47D5-4608-BCDA-9DEFFA246381}"
EndProject
Project("{8BC9CEB8-8B4A-11D0-8D11-00A0C91BC942}") = "Exercise_Chapter3", "Exercise_Chapter3\Exercise_Chapter3.vcxproj", "{E9815987-122B-435B-B748-1AC21FE54216}"
EndProject
Project("{8BC9CEB8-8B4A-11D0-8D11-00A0C91BC942}") = "Exercise_Chapter4", "Exercise_Chapter4\Exercise_Chapter4.vcxproj", "{A0F125E4-359D-4643-B1CF-86A9491421CA}"
EndProject
Global
	GlobalSection(SolutionConfigurationPlatforms) = preSolution
		Debug|Win32 = Debug|Win32
		Release|Win32 = Release|Win32
	EndGlobalSection
	GlobalSection(ProjectConfigurationPlatforms) = postSolution
		{09E18438-F212-4C2F-9D26-CD369FE9B696}.Debug|Win32.ActiveCfg = Debug|Win32
		{09E18438-F212-4C2F-9D26-CD369FE9B696}.Debug|Win32.Build.0 = Debug|Win32
		{09E18438-F212-4C2F-9D26-CD369FE9B696}.Release|Win32.ActiveCfg = Release|Win32
		{09E18438-F212-4C2F-9D26-CD369FE9B696}.Release|Win32.Build.0 = Release|Win32
		{13DC68BB-340F-4C10-813F-E390ED154D5A}.Debug|Win32.ActiveCfg = Debug|Win32
		{13DC68BB-340F-4C10-813F-E390ED154D5A}.Debug|Win32.Build.0 = Debug|Win32
		{13DC68BB-340F-4C10-813F-E390ED154D5A}.Release|Win32.ActiveCfg = Release|Win32
		{13DC68BB-340F-4C10-813F-E390ED154D5A}.Release|Win32.Build.0 = Release|Win32
		{9D7138FB-105F-4FA3-BFA3-738159BA71B0}.Debug|Win32.ActiveCfg = Debug|Win32
		{9D7138FB-105F-4FA3-BFA3-738159BA71B0}.Debug|Win32.Build.0 = Debug|Win32
		{9D7138FB-105F-4FA3-BFA3-738159BA71B0}.Release|Win32.ActiveCfg = Release|Win32
		{9D7138FB-105F-4FA3-BFA3-738159BA71B0}.Release|Win32.Build.0 = Release|Win32
		{D5E696D8-47D5-4608-BCDA-9DEFFA246381}.Debug|Win32.ActiveCfg = Debug|Win32
		{D5E696D8-47D5-4608-BCDA-9DEFFA246381}.Debug|Win32.Build.0 = Debug|Win32
		{D5E696D8-47D5-4608-BCDA-9DEFFA246381}.Release|Win32.ActiveCfg = Release|Win32
		{D5E696D8-47D5-4608-BCDA-9DEFFA246381}.Release|Win32.Build.0 = Release|Win32
		{E9815987-122B-435B-B748-1AC21FE54216}.Debug|Win32.ActiveCfg = Debug|Win32
		{E9815987-122B-435B-B748-1AC21FE54216}.Debug|Win32.Build.0 = Debug|Win32
		{E9815987-122B-435B-B748-1AC21FE54216}.Release|Win32.ActiveCfg = Release|Win32
		{E9815987-122B-435B-B748-1AC21FE54216}.Release|Win32.Build.0 = Release|Win32
		{A0F125E4-359D-4643-B1CF-86A9491421CA}.Debug|Win32.ActiveCfg = Debug|Win32
		{A0F125E4-359D-4643-B1CF-86A9491421CA}.Debug|Win32.Build.0 = Debug|Win32
		{A0F125E4-359D-4643-B1CF-86A9491421CA}.Release|Win32.ActiveCfg = Release|Win32
		{A0F125E4-359D-4643-B1CF-86A9491421CA}.Release|Win32.Build.0 = Release|Win32
	EndGlobalSection
	GlobalSection(SolutionProperties) = preSolution
		HideSolutionNode = FALSE
	EndGlobalSection
EndGlobal
